
Microsoft Visual Studio Solution File, Format Version 12.00
# Visual Studio Version 17
VisualStudioVersion = 17.0.31903.59
MinimumVisualStudioVersion = 10.0.40219.1
Project("{FAE04EC0-301F-11D3-BF4B-00C04F79EFBC}") = "Core", "Core\Core.csproj", "{7EE7F2F9-FD8A-4523-887B-6ACAF023B0DE}"
EndProject
Project("{FAE04EC0-301F-11D3-BF4B-00C04F79EFBC}") = "Application", "Application\Application.csproj", "{D83CD054-21CC-4A32-A8AC-C8D9CE4917F9}"
EndProject
Project("{FAE04EC0-301F-11D3-BF4B-00C04F79EFBC}") = "Infrastructure", "Infrastructure\Infrastructure.csproj", "{2B4EB155-4D21-48D0-B627-6C1909C881FE}"
EndProject
Project("{FAE04EC0-301F-11D3-BF4B-00C04F79EFBC}") = "API", "API\API.csproj", "{0BC877FA-DA6F-488E-9FBC-7804F997A5E2}"
EndProject
Global
	GlobalSection(SolutionConfigurationPlatforms) = preSolution
		Debug|Any CPU = Debug|Any CPU
		Release|Any CPU = Release|Any CPU
	EndGlobalSection
	GlobalSection(SolutionProperties) = preSolution
		HideSolutionNode = FALSE
	EndGlobalSection
	GlobalSection(ProjectConfigurationPlatforms) = postSolution
		{7EE7F2F9-FD8A-4523-887B-6ACAF023B0DE}.Debug|Any CPU.ActiveCfg = Debug|Any CPU
		{7EE7F2F9-FD8A-4523-887B-6ACAF023B0DE}.Debug|Any CPU.Build.0 = Debug|Any CPU
		{7EE7F2F9-FD8A-4523-887B-6ACAF023B0DE}.Release|Any CPU.ActiveCfg = Release|Any CPU
		{7EE7F2F9-FD8A-4523-887B-6ACAF023B0DE}.Release|Any CPU.Build.0 = Release|Any CPU
		{D83CD054-21CC-4A32-A8AC-C8D9CE4917F9}.Debug|Any CPU.ActiveCfg = Debug|Any CPU
		{D83CD054-21CC-4A32-A8AC-C8D9CE4917F9}.Debug|Any CPU.Build.0 = Debug|Any CPU
		{D83CD054-21CC-4A32-A8AC-C8D9CE4917F9}.Release|Any CPU.ActiveCfg = Release|Any CPU
		{D83CD054-21CC-4A32-A8AC-C8D9CE4917F9}.Release|Any CPU.Build.0 = Release|Any CPU
		{2B4EB155-4D21-48D0-B627-6C1909C881FE}.Debug|Any CPU.ActiveCfg = Debug|Any CPU
		{2B4EB155-4D21-48D0-B627-6C1909C881FE}.Debug|Any CPU.Build.0 = Debug|Any CPU
		{2B4EB155-4D21-48D0-B627-6C1909C881FE}.Release|Any CPU.ActiveCfg = Release|Any CPU
		{2B4EB155-4D21-48D0-B627-6C1909C881FE}.Release|Any CPU.Build.0 = Release|Any CPU
		{0BC877FA-DA6F-488E-9FBC-7804F997A5E2}.Debug|Any CPU.ActiveCfg = Debug|Any CPU
		{0BC877FA-DA6F-488E-9FBC-7804F997A5E2}.Debug|Any CPU.Build.0 = Debug|Any CPU
		{0BC877FA-DA6F-488E-9FBC-7804F997A5E2}.Release|Any CPU.ActiveCfg = Release|Any CPU
		{0BC877FA-DA6F-488E-9FBC-7804F997A5E2}.Release|Any CPU.Build.0 = Release|Any CPU
	EndGlobalSection
EndGlobal
